
Microsoft Visual Studio Solution File, Format Version 12.00
# Visual Studio Version 17
VisualStudioVersion = 17.5.33530.505
MinimumVisualStudioVersion = 10.0.40219.1
Project("{FAE04EC0-301F-11D3-BF4B-00C04F79EFBC}") = "codecademyASP", "codecademyASP\codecademyASP.csproj", "{908BC51B-7C38-4FE1-9338-355FD198E523}"
EndProject
Global
	GlobalSection(SolutionConfigurationPlatforms) = preSolution
		Debug|Any CPU = Debug|Any CPU
		Release|Any CPU = Release|Any CPU
	EndGlobalSection
	GlobalSection(ProjectConfigurationPlatforms) = postSolution
		{908BC51B-7C38-4FE1-9338-355FD198E523}.Debug|Any CPU.ActiveCfg = Debug|Any CPU
		{908BC51B-7C38-4FE1-9338-355FD198E523}.Debug|Any CPU.Build.0 = Debug|Any CPU
		{908BC51B-7C38-4FE1-9338-355FD198E523}.Release|Any CPU.ActiveCfg = Release|Any CPU
		{908BC51B-7C38-4FE1-9338-355FD198E523}.Release|Any CPU.Build.0 = Release|Any CPU
	EndGlobalSection
	GlobalSection(SolutionProperties) = preSolution
		HideSolutionNode = FALSE
	EndGlobalSection
	GlobalSection(ExtensibilityGlobals) = postSolution
		SolutionGuid = {A318E1BC-C7DF-4377-8572-307E8BC9172E}
	EndGlobalSection
EndGlobal
